// !$*UTF8*$!
{
	archiveVersion = 1;
	classes = {
	};
	objectVersion = 50;
	objects = {

/* Begin PBXBuildFile section */
		FFD3727923FD7B9D0042F044 /* AppDelegate.swift in Sources */ = {isa = PBXBuildFile; fileRef = FFD3727823FD7B9D0042F044 /* AppDelegate.swift */; };
		FFD3727B23FD7B9D0042F044 /* SceneDelegate.swift in Sources */ = {isa = PBXBuildFile; fileRef = FFD3727A23FD7B9D0042F044 /* SceneDelegate.swift */; };
		FFD3727E23FD7B9D0042F044 /* DesignWithSwiftUI.xcdatamodeld in Sources */ = {isa = PBXBuildFile; fileRef = FFD3727C23FD7B9D0042F044 /* DesignWithSwiftUI.xcdatamodeld */; };
		FFD3728023FD7B9D0042F044 /* ContentView.swift in Sources */ = {isa = PBXBuildFile; fileRef = FFD3727F23FD7B9D0042F044 /* ContentView.swift */; };
		FFD3728223FD7BA70042F044 /* Assets.xcassets in Resources */ = {isa = PBXBuildFile; fileRef = FFD3728123FD7BA70042F044 /* Assets.xcassets */; };
		FFD3728523FD7BA70042F044 /* Preview Assets.xcassets in Resources */ = {isa = PBXBuildFile; fileRef = FFD3728423FD7BA70042F044 /* Preview Assets.xcassets */; };
		FFD3728823FD7BA70042F044 /* LaunchScreen.storyboard in Resources */ = {isa = PBXBuildFile; fileRef = FFD3728623FD7BA70042F044 /* LaunchScreen.storyboard */; };
/* End PBXBuildFile section */

/* Begin PBXFileReference section */
		FFD3727523FD7B9D0042F044 /* DesignWithSwiftUI.app */ = {isa = PBXFileReference; explicitFileType = wrapper.application; includeInIndex = 0; path = DesignWithSwiftUI.app; sourceTree = BUILT_PRODUCTS_DIR; };
		FFD3727823FD7B9D0042F044 /* AppDelegate.swift */ = {isa = PBXFileReference; lastKnownFileType = sourcecode.swift; path = AppDelegate.swift; sourceTree = "<group>"; };
		FFD3727A23FD7B9D0042F044 /* SceneDelegate.swift */ = {isa = PBXFileReference; lastKnownFileType = sourcecode.swift; path = SceneDelegate.swift; sourceTree = "<group>"; };
		FFD3727D23FD7B9D0042F044 /* DesignWithSwiftUI.xcdatamodel */ = {isa = PBXFileReference; lastKnownFileType = wrapper.xcdatamodel; path = DesignWithSwiftUI.xcdatamodel; sourceTree = "<group>"; };
		FFD3727F23FD7B9D0042F044 /* ContentView.swift */ = {isa = PBXFileReference; lastKnownFileType = sourcecode.swift; path = ContentView.swift; sourceTree = "<group>"; };
		FFD3728123FD7BA70042F044 /* Assets.xcassets */ = {isa = PBXFileReference; lastKnownFileType = folder.assetcatalog; path = Assets.xcassets; sourceTree = "<group>"; };
		FFD3728423FD7BA70042F044 /* Preview Assets.xcassets */ = {isa = PBXFileReference; lastKnownFileType = folder.assetcatalog; path = "Preview Assets.xcassets"; sourceTree = "<group>"; };
		FFD3728723FD7BA70042F044 /* Base */ = {isa = PBXFileReference; lastKnownFileType = file.storyboard; name = Base; path = Base.lproj/LaunchScreen.storyboard; sourceTree = "<group>"; };
		FFD3728923FD7BA70042F044 /* Info.plist */ = {isa = PBXFileReference; lastKnownFileType = text.plist.xml; path = Info.plist; sourceTree = "<group>"; };
/* End PBXFileReference section */

/* Begin PBXFrameworksBuildPhase section */
		FFD3727223FD7B9D0042F044 /* Frameworks */ = {
			isa = PBXFrameworksBuildPhase;
			buildActionMask = 2147483647;
			files = (
			);
			runOnlyForDeploymentPostprocessing = 0;
		};
/* End PBXFrameworksBuildPhase section */

/* Begin PBXGroup section */
		FFD3726C23FD7B9D0042F044 = {
			isa = PBXGroup;
			children = (
				FFD3727723FD7B9D0042F044 /* DesignWithSwiftUI */,
				FFD3727623FD7B9D0042F044 /* Products */,
			);
			sourceTree = "<group>";
		};
		FFD3727623FD7B9D0042F044 /* Products */ = {
			isa = PBXGroup;
			children = (
				FFD3727523FD7B9D0042F044 /* DesignWithSwiftUI.app */,
			);
			name = Products;
			sourceTree = "<group>";
		};
		FFD3727723FD7B9D0042F044 /* DesignWithSwiftUI */ = {
			isa = PBXGroup;
			children = (
				FFD3727823FD7B9D0042F044 /* AppDelegate.swift */,
				FFD3727A23FD7B9D0042F044 /* SceneDelegate.swift */,
				FFD3727F23FD7B9D0042F044 /* ContentView.swift */,
				FFD3728123FD7BA70042F044 /* Assets.xcassets */,
				FFD3728623FD7BA70042F044 /* LaunchScreen.storyboard */,
				FFD3728923FD7BA70042F044 /* Info.plist */,
				FFD3727C23FD7B9D0042F044 /* DesignWithSwiftUI.xcdatamodeld */,
				FFD3728323FD7BA70042F044 /* Preview Content */,
			);
			path = DesignWithSwiftUI;
			sourceTree = "<group>";
		};
		FFD3728323FD7BA70042F044 /* Preview Content */ = {
			isa = PBXGroup;
			children = (
				FFD3728423FD7BA70042F044 /* Preview Assets.xcassets */,
			);
			path = "Preview Content";
			sourceTree = "<group>";
		};
/* End PBXGroup section */

/* Begin PBXNativeTarget section */
		FFD3727423FD7B9D0042F044 /* DesignWithSwiftUI */ = {
			isa = PBXNativeTarget;
			buildConfigurationList = FFD3728C23FD7BA70042F044 /* Build configuration list for PBXNativeTarget "DesignWithSwiftUI" */;
			buildPhases = (
				FFD3727123FD7B9D0042F044 /* Sources */,
				FFD3727223FD7B9D0042F044 /* Frameworks */,
				FFD3727323FD7B9D0042F044 /* Resources */,
			);
			buildRules = (
			);
			dependencies = (
			);
			name = DesignWithSwiftUI;
			productName = DesignWithSwiftUI;
			productReference = FFD3727523FD7B9D0042F044 /* DesignWithSwiftUI.app */;
			productType = "com.apple.product-type.application";
		};
/* End PBXNativeTarget section */

/* Begin PBXProject section */
		FFD3726D23FD7B9D0042F044 /* Project object */ = {
			isa = PBXProject;
			attributes = {
				LastSwiftUpdateCheck = 1130;
				LastUpgradeCheck = 1130;
				ORGANIZATIONNAME = "Danilo Requena";
				TargetAttributes = {
					FFD3727423FD7B9D0042F044 = {
						CreatedOnToolsVersion = 11.3.1;
					};
				};
			};
			buildConfigurationList = FFD3727023FD7B9D0042F044 /* Build configuration list for PBXProject "DesignWithSwiftUI" */;
			compatibilityVersion = "Xcode 9.3";
			developmentRegion = en;
			hasScannedForEncodings = 0;
			knownRegions = (
				en,
				Base,
			);
			mainGroup = FFD3726C23FD7B9D0042F044;
			productRefGroup = FFD3727623FD7B9D0042F044 /* Products */;
			projectDirPath = "";
			projectRoot = "";
			targets = (
				FFD3727423FD7B9D0042F044 /* DesignWithSwiftUI */,
			);
		};
/* End PBXProject section */

/* Begin PBXResourcesBuildPhase section */
		FFD3727323FD7B9D0042F044 /* Resources */ = {
			isa = PBXResourcesBuildPhase;
			buildActionMask = 2147483647;
			files = (
				FFD3728823FD7BA70042F044 /* LaunchScreen.storyboard in Resources */,
				FFD3728523FD7BA70042F044 /* Preview Assets.xcassets in Resources */,
				FFD3728223FD7BA70042F044 /* Assets.xcassets in Resources */,
			);
			runOnlyForDeploymentPostprocessing = 0;
		};
/* End PBXResourcesBuildPhase section */

/* Begin PBXSourcesBuildPhase section */
		FFD3727123FD7B9D0042F044 /* Sources */ = {
			isa = PBXSourcesBuildPhase;
			buildActionMask = 2147483647;
			files = (
				FFD3727923FD7B9D0042F044 /* AppDelegate.swift in Sources */,
				FFD3727B23FD7B9D0042F044 /* SceneDelegate.swift in Sources */,
				FFD3728023FD7B9D0042F044 /* ContentView.swift in Sources */,
				FFD3727E23FD7B9D0042F044 /* DesignWithSwiftUI.xcdatamodeld in Sources */,
			);
			runOnlyForDeploymentPostprocessing = 0;
		};
/* End PBXSourcesBuildPhase section */

/* Begin PBXVariantGroup section */
		FFD3728623FD7BA70042F044 /* LaunchScreen.storyboard */ = {
			isa = PBXVariantGroup;
			children = (
				FFD3728723FD7BA70042F044 /* Base */,
			);
			name = LaunchScreen.storyboard;
			sourceTree = "<group>";
		};
/* End PBXVariantGroup section */

/* Begin XCBuildConfiguration section */
		FFD3728A23FD7BA70042F044 /* Debug */ = {
			isa = XCBuildConfiguration;
			buildSettings = {
				ALWAYS_SEARCH_USER_PATHS = NO;
				CLANG_ANALYZER_NONNULL = YES;
				CLANG_ANALYZER_NUMBER_OBJECT_CONVERSION = YES_AGGRESSIVE;
				CLANG_CXX_LANGUAGE_STANDARD = "gnu++14";
				CLANG_CXX_LIBRARY = "libc++";
				CLANG_ENABLE_MODULES = YES;
				CLANG_ENABLE_OBJC_ARC = YES;
				CLANG_ENABLE_OBJC_WEAK = YES;
				CLANG_WARN_BLOCK_CAPTURE_AUTORELEASING = YES;
				CLANG_WARN_BOOL_CONVERSION = YES;
				CLANG_WARN_COMMA = YES;
				CLANG_WARN_CONSTANT_CONVERSION = YES;
				CLANG_WARN_DEPRECATED_OBJC_IMPLEMENTATIONS = YES;
				CLANG_WARN_DIRECT_OBJC_ISA_USAGE = YES_ERROR;
				CLANG_WARN_DOCUMENTATION_COMMENTS = YES;
				CLANG_WARN_EMPTY_BODY = YES;
				CLANG_WARN_ENUM_CONVERSION = YES;
				CLANG_WARN_INFINITE_RECURSION = YES;
				CLANG_WARN_INT_CONVERSION = YES;
				CLANG_WARN_NON_LITERAL_NULL_CONVERSION = YES;
				CLANG_WARN_OBJC_IMPLICIT_RETAIN_SELF = YES;
				CLANG_WARN_OBJC_LITERAL_CONVERSION = YES;
				CLANG_WARN_OBJC_ROOT_CLASS = YES_ERROR;
				CLANG_WARN_RANGE_LOOP_ANALYSIS = YES;
				CLANG_WARN_STRICT_PROTOTYPES = YES;
				CLANG_WARN_SUSPICIOUS_MOVE = YES;
				CLANG_WARN_UNGUARDED_AVAILABILITY = YES_AGGRESSIVE;
				CLANG_WARN_UNREACHABLE_CODE = YES;
				CLANG_WARN__DUPLICATE_METHOD_MATCH = YES;
				COPY_PHASE_STRIP = NO;
				DEBUG_INFORMATION_FORMAT = dwarf;
				ENABLE_STRICT_OBJC_MSGSEND = YES;
				ENABLE_TESTABILITY = YES;
				GCC_C_LANGUAGE_STANDARD = gnu11;
				GCC_DYNAMIC_NO_PIC = NO;
				GCC_NO_COMMON_BLOCKS = YES;
				GCC_OPTIMIZATION_LEVEL = 0;
				GCC_PREPROCESSOR_DEFINITIONS = (
					"DEBUG=1",
					"$(inherited)",
				);
				GCC_WARN_64_TO_32_BIT_CONVERSION = YES;
				GCC_WARN_ABOUT_RETURN_TYPE = YES_ERROR;
				GCC_WARN_UNDECLARED_SELECTOR = YES;
				GCC_WARN_UNINITIALIZED_AUTOS = YES_AGGRESSIVE;
				GCC_WARN_UNUSED_FUNCTION = YES;
				GCC_WARN_UNUSED_VARIABLE = YES;
				IPHONEOS_DEPLOYMENT_TARGET = 13.2;
				MTL_ENABLE_DEBUG_INFO = INCLUDE_SOURCE;
				MTL_FAST_MATH = YES;
				ONLY_ACTIVE_ARCH = YES;
				SDKROOT = iphoneos;
				SWIFT_ACTIVE_COMPILATION_CONDITIONS = DEBUG;
				SWIFT_OPTIMIZATION_LEVEL = "-Onone";
			};
			name = Debug;
		};
		FFD3728B23FD7BA70042F044 /* Release */ = {
			isa = XCBuildConfiguration;
			buildSettings = {
				ALWAYS_SEARCH_USER_PATHS = NO;
				CLANG_ANALYZER_NONNULL = YES;
				CLANG_ANALYZER_NUMBER_OBJECT_CONVERSION = YES_AGGRESSIVE;
				CLANG_CXX_LANGUAGE_STANDARD = "gnu++14";
				CLANG_CXX_LIBRARY = "libc++";
				CLANG_ENABLE_MODULES = YES;
				CLANG_ENABLE_OBJC_ARC = YES;
				CLANG_ENABLE_OBJC_WEAK = YES;
				CLANG_WARN_BLOCK_CAPTURE_AUTORELEASING = YES;
				CLANG_WARN_BOOL_CONVERSION = YES;
				CLANG_WARN_COMMA = YES;
				CLANG_WARN_CONSTANT_CONVERSION = YES;
				CLANG_WARN_DEPRECATED_OBJC_IMPLEMENTATIONS = YES;
				CLANG_WARN_DIRECT_OBJC_ISA_USAGE = YES_ERROR;
				CLANG_WARN_DOCUMENTATION_COMMENTS = YES;
				CLANG_WARN_EMPTY_BODY = YES;
				CLANG_WARN_ENUM_CONVERSION = YES;
				CLANG_WARN_INFINITE_RECURSION = YES;
				CLANG_WARN_INT_CONVERSION = YES;
				CLANG_WARN_NON_LITERAL_NULL_CONVERSION = YES;
				CLANG_WARN_OBJC_IMPLICIT_RETAIN_SELF = YES;
				CLANG_WARN_OBJC_LITERAL_CONVERSION = YES;
				CLANG_WARN_OBJC_ROOT_CLASS = YES_ERROR;
				CLANG_WARN_RANGE_LOOP_ANALYSIS = YES;
				CLANG_WARN_STRICT_PROTOTYPES = YES;
				CLANG_WARN_SUSPICIOUS_MOVE = YES;
				CLANG_WARN_UNGUARDED_AVAILABILITY = YES_AGGRESSIVE;
				CLANG_WARN_UNREACHABLE_CODE = YES;
				CLANG_WARN__DUPLICATE_METHOD_MATCH = YES;
				COPY_PHASE_STRIP = NO;
				DEBUG_INFORMATION_FORMAT = "dwarf-with-dsym";
				ENABLE_NS_ASSERTIONS = NO;
				ENABLE_STRICT_OBJC_MSGSEND = YES;
				GCC_C_LANGUAGE_STANDARD = gnu11;
				GCC_NO_COMMON_BLOCKS = YES;
				GCC_WARN_64_TO_32_BIT_CONVERSION = YES;
				GCC_WARN_ABOUT_RETURN_TYPE = YES_ERROR;
				GCC_WARN_UNDECLARED_SELECTOR = YES;
				GCC_WARN_UNINITIALIZED_AUTOS = YES_AGGRESSIVE;
				GCC_WARN_UNUSED_FUNCTION = YES;
				GCC_WARN_UNUSED_VARIABLE = YES;
				IPHONEOS_DEPLOYMENT_TARGET = 13.2;
				MTL_ENABLE_DEBUG_INFO = NO;
				MTL_FAST_MATH = YES;
				SDKROOT = iphoneos;
				SWIFT_COMPILATION_MODE = wholemodule;
				SWIFT_OPTIMIZATION_LEVEL = "-O";
				VALIDATE_PRODUCT = YES;
			};
			name = Release;
		};
		FFD3728D23FD7BA70042F044 /* Debug */ = {
			isa = XCBuildConfiguration;
			buildSettings = {
				ASSETCATALOG_COMPILER_APPICON_NAME = AppIcon;
				CODE_SIGN_STYLE = Automatic;
				DEVELOPMENT_ASSET_PATHS = "\"DesignWithSwiftUI/Preview Content\"";
				DEVELOPMENT_TEAM = SM9KCJGMUP;
				ENABLE_PREVIEWS = YES;
				INFOPLIST_FILE = DesignWithSwiftUI/Info.plist;
				LD_RUNPATH_SEARCH_PATHS = (
					"$(inherited)",
					"@executable_path/Frameworks",
				);
				PRODUCT_BUNDLE_IDENTIFIER = com.dobigaster.DesignWithSwiftUI;
				PRODUCT_NAME = "$(TARGET_NAME)";
				SWIFT_VERSION = 5.0;
				TARGETED_DEVICE_FAMILY = "1,2";
			};
			name = Debug;
		};
		FFD3728E23FD7BA70042F044 /* Release */ = {
			isa = XCBuildConfiguration;
			buildSettings = {
				ASSETCATALOG_COMPILER_APPICON_NAME = AppIcon;
				CODE_SIGN_STYLE = Automatic;
				DEVELOPMENT_ASSET_PATHS = "\"DesignWithSwiftUI/Preview Content\"";
				DEVELOPMENT_TEAM = SM9KCJGMUP;
				ENABLE_PREVIEWS = YES;
				INFOPLIST_FILE = DesignWithSwiftUI/Info.plist;
				LD_RUNPATH_SEARCH_PATHS = (
					"$(inherited)",
					"@executable_path/Frameworks",
				);
				PRODUCT_BUNDLE_IDENTIFIER = com.dobigaster.DesignWithSwiftUI;
				PRODUCT_NAME = "$(TARGET_NAME)";
				SWIFT_VERSION = 5.0;
				TARGETED_DEVICE_FAMILY = "1,2";
			};
			name = Release;
		};
/* End XCBuildConfiguration section */

/* Begin XCConfigurationList section */
		FFD3727023FD7B9D0042F044 /* Build configuration list for PBXProject "DesignWithSwiftUI" */ = {
			isa = XCConfigurationList;
			buildConfigurations = (
				FFD3728A23FD7BA70042F044 /* Debug */,
				FFD3728B23FD7BA70042F044 /* Release */,
			);
			defaultConfigurationIsVisible = 0;
			defaultConfigurationName = Release;
		};
		FFD3728C23FD7BA70042F044 /* Build configuration list for PBXNativeTarget "DesignWithSwiftUI" */ = {
			isa = XCConfigurationList;
			buildConfigurations = (
				FFD3728D23FD7BA70042F044 /* Debug */,
				FFD3728E23FD7BA70042F044 /* Release */,
			);
			defaultConfigurationIsVisible = 0;
			defaultConfigurationName = Release;
		};
/* End XCConfigurationList section */

/* Begin XCVersionGroup section */
		FFD3727C23FD7B9D0042F044 /* DesignWithSwiftUI.xcdatamodeld */ = {
			isa = XCVersionGroup;
			children = (
				FFD3727D23FD7B9D0042F044 /* DesignWithSwiftUI.xcdatamodel */,
			);
			currentVersion = FFD3727D23FD7B9D0042F044 /* DesignWithSwiftUI.xcdatamodel */;
			path = DesignWithSwiftUI.xcdatamodeld;
			sourceTree = "<group>";
			versionGroupType = wrapper.xcdatamodel;
		};
/* End XCVersionGroup section */
	};
	rootObject = FFD3726D23FD7B9D0042F044 /* Project object */;
}
